
Microsoft Visual Studio Solution File, Format Version 12.00
# Visual Studio Version 16
VisualStudioVersion = 16.0.29613.14
MinimumVisualStudioVersion = 10.0.40219.1
Project("{9A19103F-16F7-4668-BE54-9A1E7A4F7556}") = "HMS.WEBAPI", "HMS.WEBAPI\HMS.WEBAPI.csproj", "{FF2609A8-9878-4FE3-9F33-77ADB9BD1D29}"
EndProject
Project("{9A19103F-16F7-4668-BE54-9A1E7A4F7556}") = "HMS.DATALAYER", "HMS.DATALAYER\HMS.DATALAYER.csproj", "{53EC3115-7681-48D3-963C-C11A7BCD6AF0}"
EndProject
Project("{9A19103F-16F7-4668-BE54-9A1E7A4F7556}") = "HMS.CLIENT", "HMS.CLIENT\HMS.CLIENT.csproj", "{A76C4CA2-4763-43C7-9FB2-70A4AC076868}"
EndProject
Project("{FAE04EC0-301F-11D3-BF4B-00C04F79EFBC}") = "HMS.INFRASTRUCTURE", "HMS.INFRASTRUCTURE\HMS.INFRASTRUCTURE.csproj", "{FBE5904F-360D-40E5-BC0A-0F63BF84C70E}"
EndProject
Global
	GlobalSection(SolutionConfigurationPlatforms) = preSolution
		Debug|Any CPU = Debug|Any CPU
		Release|Any CPU = Release|Any CPU
	EndGlobalSection
	GlobalSection(ProjectConfigurationPlatforms) = postSolution
		{FF2609A8-9878-4FE3-9F33-77ADB9BD1D29}.Debug|Any CPU.ActiveCfg = Debug|Any CPU
		{FF2609A8-9878-4FE3-9F33-77ADB9BD1D29}.Debug|Any CPU.Build.0 = Debug|Any CPU
		{FF2609A8-9878-4FE3-9F33-77ADB9BD1D29}.Release|Any CPU.ActiveCfg = Release|Any CPU
		{FF2609A8-9878-4FE3-9F33-77ADB9BD1D29}.Release|Any CPU.Build.0 = Release|Any CPU
		{53EC3115-7681-48D3-963C-C11A7BCD6AF0}.Debug|Any CPU.ActiveCfg = Debug|Any CPU
		{53EC3115-7681-48D3-963C-C11A7BCD6AF0}.Debug|Any CPU.Build.0 = Debug|Any CPU
		{53EC3115-7681-48D3-963C-C11A7BCD6AF0}.Release|Any CPU.ActiveCfg = Release|Any CPU
		{53EC3115-7681-48D3-963C-C11A7BCD6AF0}.Release|Any CPU.Build.0 = Release|Any CPU
		{A76C4CA2-4763-43C7-9FB2-70A4AC076868}.Debug|Any CPU.ActiveCfg = Debug|Any CPU
		{A76C4CA2-4763-43C7-9FB2-70A4AC076868}.Debug|Any CPU.Build.0 = Debug|Any CPU
		{A76C4CA2-4763-43C7-9FB2-70A4AC076868}.Release|Any CPU.ActiveCfg = Release|Any CPU
		{A76C4CA2-4763-43C7-9FB2-70A4AC076868}.Release|Any CPU.Build.0 = Release|Any CPU
		{FBE5904F-360D-40E5-BC0A-0F63BF84C70E}.Debug|Any CPU.ActiveCfg = Debug|Any CPU
		{FBE5904F-360D-40E5-BC0A-0F63BF84C70E}.Debug|Any CPU.Build.0 = Debug|Any CPU
		{FBE5904F-360D-40E5-BC0A-0F63BF84C70E}.Release|Any CPU.ActiveCfg = Release|Any CPU
		{FBE5904F-360D-40E5-BC0A-0F63BF84C70E}.Release|Any CPU.Build.0 = Release|Any CPU
	EndGlobalSection
	GlobalSection(SolutionProperties) = preSolution
		HideSolutionNode = FALSE
	EndGlobalSection
	GlobalSection(ExtensibilityGlobals) = postSolution
		SolutionGuid = {A82F0523-57DB-464A-A3FB-F2386A18C34D}
	EndGlobalSection
EndGlobal
